
Microsoft Visual Studio Solution File, Format Version 12.00
# Visual Studio Version 17
VisualStudioVersion = 17.3.32901.215
MinimumVisualStudioVersion = 10.0.40219.1
Project("{FAE04EC0-301F-11D3-BF4B-00C04F79EFBC}") = "belge durum-847", "belge durum-847\belge durum-847.csproj", "{FCF93DC2-0578-4568-B932-1DAD95BAF2E5}"
EndProject
Global
	GlobalSection(SolutionConfigurationPlatforms) = preSolution
		Debug|Any CPU = Debug|Any CPU
		Release|Any CPU = Release|Any CPU
	EndGlobalSection
	GlobalSection(ProjectConfigurationPlatforms) = postSolution
		{FCF93DC2-0578-4568-B932-1DAD95BAF2E5}.Debug|Any CPU.ActiveCfg = Debug|Any CPU
		{FCF93DC2-0578-4568-B932-1DAD95BAF2E5}.Debug|Any CPU.Build.0 = Debug|Any CPU
		{FCF93DC2-0578-4568-B932-1DAD95BAF2E5}.Release|Any CPU.ActiveCfg = Release|Any CPU
		{FCF93DC2-0578-4568-B932-1DAD95BAF2E5}.Release|Any CPU.Build.0 = Release|Any CPU
	EndGlobalSection
	GlobalSection(SolutionProperties) = preSolution
		HideSolutionNode = FALSE
	EndGlobalSection
	GlobalSection(ExtensibilityGlobals) = postSolution
		SolutionGuid = {0223883A-316F-4898-9CF9-E0F682AA3A08}
	EndGlobalSection
EndGlobal
